
Microsoft Visual Studio Solution File, Format Version 12.00
# Visual Studio Version 17
VisualStudioVersion = 17.0.31903.59
MinimumVisualStudioVersion = 10.0.40219.1
Project("{9A19103F-16F7-4668-BE54-9A1E7A4F7556}") = "GameTogetherAPI.Test.Old", "GameTogetherAPI.Test.Old\GameTogetherAPI.Test.Old.csproj", "{886AC128-925E-4E18-B180-87DEFB6376F6}"
EndProject
Project("{2150E333-8FDC-42A3-9474-1A3956D46DE8}") = "Solution Items", "Solution Items", "{E88BEEE9-5479-4A9B-BD4F-B97CDDB9BA27}"
	ProjectSection(SolutionItems) = preProject
		.env = .env
		.gitignore = .gitignore
	EndProjectSection
EndProject
Project("{9A19103F-16F7-4668-BE54-9A1E7A4F7556}") = "HipsDontLie.Test", "HipsDontLie.Test\HipsDontLie.Test.csproj", "{EC98F77D-66B0-4529-9C46-CFDF28696E49}"
EndProject
Project("{FAE04EC0-301F-11D3-BF4B-00C04F79EFBC}") = "HipsDontLie.Shared", "HipsDontLie.Shared\HipsDontLie.Shared.csproj", "{1F5F9C3A-6F99-4F2A-A87C-F50D74C8FEAC}"
EndProject
Project("{FAE04EC0-301F-11D3-BF4B-00C04F79EFBC}") = "HipsDontLie.Client", "HipsDontLie.Client\HipsDontLie.Client.csproj", "{89A88007-7AC5-47B3-8EC4-7B1F8E6DE330}"
EndProject
Project("{FAE04EC0-301F-11D3-BF4B-00C04F79EFBC}") = "HipsDontLie.Server", "HipsDontLie.Server\HipsDontLie.Server.csproj", "{F2A5AB4C-78D6-4686-8FD3-47813253EECE}"
EndProject
Global
	GlobalSection(SolutionConfigurationPlatforms) = preSolution
		Debug|Any CPU = Debug|Any CPU
		Release|Any CPU = Release|Any CPU
	EndGlobalSection
	GlobalSection(ProjectConfigurationPlatforms) = postSolution
		{886AC128-925E-4E18-B180-87DEFB6376F6}.Debug|Any CPU.ActiveCfg = Debug|Any CPU
		{886AC128-925E-4E18-B180-87DEFB6376F6}.Release|Any CPU.ActiveCfg = Release|Any CPU
		{886AC128-925E-4E18-B180-87DEFB6376F6}.Release|Any CPU.Build.0 = Release|Any CPU
		{EC98F77D-66B0-4529-9C46-CFDF28696E49}.Debug|Any CPU.ActiveCfg = Debug|Any CPU
		{EC98F77D-66B0-4529-9C46-CFDF28696E49}.Debug|Any CPU.Build.0 = Debug|Any CPU
		{EC98F77D-66B0-4529-9C46-CFDF28696E49}.Release|Any CPU.ActiveCfg = Release|Any CPU
		{EC98F77D-66B0-4529-9C46-CFDF28696E49}.Release|Any CPU.Build.0 = Release|Any CPU
		{1F5F9C3A-6F99-4F2A-A87C-F50D74C8FEAC}.Debug|Any CPU.ActiveCfg = Debug|Any CPU
		{1F5F9C3A-6F99-4F2A-A87C-F50D74C8FEAC}.Debug|Any CPU.Build.0 = Debug|Any CPU
		{1F5F9C3A-6F99-4F2A-A87C-F50D74C8FEAC}.Release|Any CPU.ActiveCfg = Release|Any CPU
		{1F5F9C3A-6F99-4F2A-A87C-F50D74C8FEAC}.Release|Any CPU.Build.0 = Release|Any CPU
		{89A88007-7AC5-47B3-8EC4-7B1F8E6DE330}.Debug|Any CPU.ActiveCfg = Debug|Any CPU
		{89A88007-7AC5-47B3-8EC4-7B1F8E6DE330}.Debug|Any CPU.Build.0 = Debug|Any CPU
		{89A88007-7AC5-47B3-8EC4-7B1F8E6DE330}.Release|Any CPU.ActiveCfg = Release|Any CPU
		{89A88007-7AC5-47B3-8EC4-7B1F8E6DE330}.Release|Any CPU.Build.0 = Release|Any CPU
		{F2A5AB4C-78D6-4686-8FD3-47813253EECE}.Debug|Any CPU.ActiveCfg = Debug|Any CPU
		{F2A5AB4C-78D6-4686-8FD3-47813253EECE}.Debug|Any CPU.Build.0 = Debug|Any CPU
		{F2A5AB4C-78D6-4686-8FD3-47813253EECE}.Release|Any CPU.ActiveCfg = Release|Any CPU
		{F2A5AB4C-78D6-4686-8FD3-47813253EECE}.Release|Any CPU.Build.0 = Release|Any CPU
	EndGlobalSection
	GlobalSection(SolutionProperties) = preSolution
		HideSolutionNode = FALSE
	EndGlobalSection
	GlobalSection(ExtensibilityGlobals) = postSolution
		SolutionGuid = {413EA0F3-3FCC-4505-B2B2-162903A09F72}
	EndGlobalSection
EndGlobal
